
Microsoft Visual Studio Solution File, Format Version 12.00
# Visual Studio 14
VisualStudioVersion = 14.0.25420.1
MinimumVisualStudioVersion = 10.0.40219.1
Project("{FAE04EC0-301F-11D3-BF4B-00C04F79EFBC}") = "NeuralNetworking", "NeuralNetworking\NeuralNetworking.csproj", "{380C903F-BDA5-49A2-BEB2-31C49FF82583}"
EndProject
Project("{FAE04EC0-301F-11D3-BF4B-00C04F79EFBC}") = "Genetics", "Genetics\Genetics.csproj", "{7F82FADA-44D2-4B39-AD5E-3718A3073293}"
EndProject
Project("{2150E333-8FDC-42A3-9474-1A3956D46DE8}") = "Tests", "Tests", "{C3B5924E-CB6A-4A51-B4D0-53413D537E33}"
EndProject
Project("{FAE04EC0-301F-11D3-BF4B-00C04F79EFBC}") = "Genetics.Tests", "Genetics.Tests\Genetics.Tests.csproj", "{3533CCCE-9589-4FF8-B1DE-817EC750C651}"
EndProject
Project("{FAE04EC0-301F-11D3-BF4B-00C04F79EFBC}") = "Extensions", "Extensions\Extensions.csproj", "{DAF817B8-BBDA-4406-85AE-532AC6BD0902}"
EndProject
Project("{FAE04EC0-301F-11D3-BF4B-00C04F79EFBC}") = "NeuralNetworking.Tests", "NeuralNetworking.Tests\NeuralNetworking.Tests.csproj", "{38C4908C-3DD7-406F-8799-0124FB623489}"
EndProject
Project("{FAE04EC0-301F-11D3-BF4B-00C04F79EFBC}") = "BooleanOperatorNeuralNetworkTests", "XorNeuralNetworkTests\BooleanOperatorNeuralNetworkTests.csproj", "{93D93976-D137-45C7-98A2-2AB9D77128D0}"
EndProject
Project("{FAE04EC0-301F-11D3-BF4B-00C04F79EFBC}") = "GeneticNeuralNetworking", "GeneticNeuralNetworking\GeneticNeuralNetworking.csproj", "{A8A66ECD-8818-442B-89D5-A14B0AD9CD6B}"
EndProject
Project("{FAE04EC0-301F-11D3-BF4B-00C04F79EFBC}") = "Simulation", "Simulation\Simulation.csproj", "{B99DF993-EA35-4601-9E95-FCE002D87BE1}"
EndProject
Global
	GlobalSection(SolutionConfigurationPlatforms) = preSolution
		Debug|Any CPU = Debug|Any CPU
		Debug|ARM = Debug|ARM
		Debug|x64 = Debug|x64
		Debug|x86 = Debug|x86
		Release|Any CPU = Release|Any CPU
		Release|ARM = Release|ARM
		Release|x64 = Release|x64
		Release|x86 = Release|x86
	EndGlobalSection
	GlobalSection(ProjectConfigurationPlatforms) = postSolution
		{380C903F-BDA5-49A2-BEB2-31C49FF82583}.Debug|Any CPU.ActiveCfg = Debug|Any CPU
		{380C903F-BDA5-49A2-BEB2-31C49FF82583}.Debug|Any CPU.Build.0 = Debug|Any CPU
		{380C903F-BDA5-49A2-BEB2-31C49FF82583}.Debug|ARM.ActiveCfg = Debug|ARM
		{380C903F-BDA5-49A2-BEB2-31C49FF82583}.Debug|ARM.Build.0 = Debug|ARM
		{380C903F-BDA5-49A2-BEB2-31C49FF82583}.Debug|x64.ActiveCfg = Debug|x64
		{380C903F-BDA5-49A2-BEB2-31C49FF82583}.Debug|x64.Build.0 = Debug|x64
		{380C903F-BDA5-49A2-BEB2-31C49FF82583}.Debug|x86.ActiveCfg = Debug|x86
		{380C903F-BDA5-49A2-BEB2-31C49FF82583}.Debug|x86.Build.0 = Debug|x86
		{380C903F-BDA5-49A2-BEB2-31C49FF82583}.Release|Any CPU.ActiveCfg = Release|Any CPU
		{380C903F-BDA5-49A2-BEB2-31C49FF82583}.Release|Any CPU.Build.0 = Release|Any CPU
		{380C903F-BDA5-49A2-BEB2-31C49FF82583}.Release|ARM.ActiveCfg = Release|ARM
		{380C903F-BDA5-49A2-BEB2-31C49FF82583}.Release|ARM.Build.0 = Release|ARM
		{380C903F-BDA5-49A2-BEB2-31C49FF82583}.Release|x64.ActiveCfg = Release|x64
		{380C903F-BDA5-49A2-BEB2-31C49FF82583}.Release|x64.Build.0 = Release|x64
		{380C903F-BDA5-49A2-BEB2-31C49FF82583}.Release|x86.ActiveCfg = Release|x86
		{380C903F-BDA5-49A2-BEB2-31C49FF82583}.Release|x86.Build.0 = Release|x86
		{7F82FADA-44D2-4B39-AD5E-3718A3073293}.Debug|Any CPU.ActiveCfg = Debug|Any CPU
		{7F82FADA-44D2-4B39-AD5E-3718A3073293}.Debug|Any CPU.Build.0 = Debug|Any CPU
		{7F82FADA-44D2-4B39-AD5E-3718A3073293}.Debug|ARM.ActiveCfg = Debug|ARM
		{7F82FADA-44D2-4B39-AD5E-3718A3073293}.Debug|ARM.Build.0 = Debug|ARM
		{7F82FADA-44D2-4B39-AD5E-3718A3073293}.Debug|x64.ActiveCfg = Debug|x64
		{7F82FADA-44D2-4B39-AD5E-3718A3073293}.Debug|x64.Build.0 = Debug|x64
		{7F82FADA-44D2-4B39-AD5E-3718A3073293}.Debug|x86.ActiveCfg = Debug|x86
		{7F82FADA-44D2-4B39-AD5E-3718A3073293}.Debug|x86.Build.0 = Debug|x86
		{7F82FADA-44D2-4B39-AD5E-3718A3073293}.Release|Any CPU.ActiveCfg = Release|Any CPU
		{7F82FADA-44D2-4B39-AD5E-3718A3073293}.Release|Any CPU.Build.0 = Release|Any CPU
		{7F82FADA-44D2-4B39-AD5E-3718A3073293}.Release|ARM.ActiveCfg = Release|ARM
		{7F82FADA-44D2-4B39-AD5E-3718A3073293}.Release|ARM.Build.0 = Release|ARM
		{7F82FADA-44D2-4B39-AD5E-3718A3073293}.Release|x64.ActiveCfg = Release|x64
		{7F82FADA-44D2-4B39-AD5E-3718A3073293}.Release|x64.Build.0 = Release|x64
		{7F82FADA-44D2-4B39-AD5E-3718A3073293}.Release|x86.ActiveCfg = Release|x86
		{7F82FADA-44D2-4B39-AD5E-3718A3073293}.Release|x86.Build.0 = Release|x86
		{3533CCCE-9589-4FF8-B1DE-817EC750C651}.Debug|Any CPU.ActiveCfg = Debug|x86
		{3533CCCE-9589-4FF8-B1DE-817EC750C651}.Debug|Any CPU.Build.0 = Debug|x86
		{3533CCCE-9589-4FF8-B1DE-817EC750C651}.Debug|ARM.ActiveCfg = Debug|ARM
		{3533CCCE-9589-4FF8-B1DE-817EC750C651}.Debug|ARM.Build.0 = Debug|ARM
		{3533CCCE-9589-4FF8-B1DE-817EC750C651}.Debug|ARM.Deploy.0 = Debug|ARM
		{3533CCCE-9589-4FF8-B1DE-817EC750C651}.Debug|x64.ActiveCfg = Debug|x64
		{3533CCCE-9589-4FF8-B1DE-817EC750C651}.Debug|x64.Build.0 = Debug|x64
		{3533CCCE-9589-4FF8-B1DE-817EC750C651}.Debug|x64.Deploy.0 = Debug|x64
		{3533CCCE-9589-4FF8-B1DE-817EC750C651}.Debug|x86.ActiveCfg = Debug|x86
		{3533CCCE-9589-4FF8-B1DE-817EC750C651}.Debug|x86.Build.0 = Debug|x86
		{3533CCCE-9589-4FF8-B1DE-817EC750C651}.Debug|x86.Deploy.0 = Debug|x86
		{3533CCCE-9589-4FF8-B1DE-817EC750C651}.Release|Any CPU.ActiveCfg = Release|x86
		{3533CCCE-9589-4FF8-B1DE-817EC750C651}.Release|ARM.ActiveCfg = Release|ARM
		{3533CCCE-9589-4FF8-B1DE-817EC750C651}.Release|ARM.Build.0 = Release|ARM
		{3533CCCE-9589-4FF8-B1DE-817EC750C651}.Release|ARM.Deploy.0 = Release|ARM
		{3533CCCE-9589-4FF8-B1DE-817EC750C651}.Release|x64.ActiveCfg = Release|x64
		{3533CCCE-9589-4FF8-B1DE-817EC750C651}.Release|x64.Build.0 = Release|x64
		{3533CCCE-9589-4FF8-B1DE-817EC750C651}.Release|x64.Deploy.0 = Release|x64
		{3533CCCE-9589-4FF8-B1DE-817EC750C651}.Release|x86.ActiveCfg = Release|x86
		{3533CCCE-9589-4FF8-B1DE-817EC750C651}.Release|x86.Build.0 = Release|x86
		{3533CCCE-9589-4FF8-B1DE-817EC750C651}.Release|x86.Deploy.0 = Release|x86
		{DAF817B8-BBDA-4406-85AE-532AC6BD0902}.Debug|Any CPU.ActiveCfg = Debug|Any CPU
		{DAF817B8-BBDA-4406-85AE-532AC6BD0902}.Debug|Any CPU.Build.0 = Debug|Any CPU
		{DAF817B8-BBDA-4406-85AE-532AC6BD0902}.Debug|ARM.ActiveCfg = Debug|ARM
		{DAF817B8-BBDA-4406-85AE-532AC6BD0902}.Debug|ARM.Build.0 = Debug|ARM
		{DAF817B8-BBDA-4406-85AE-532AC6BD0902}.Debug|x64.ActiveCfg = Debug|x64
		{DAF817B8-BBDA-4406-85AE-532AC6BD0902}.Debug|x64.Build.0 = Debug|x64
		{DAF817B8-BBDA-4406-85AE-532AC6BD0902}.Debug|x86.ActiveCfg = Debug|x86
		{DAF817B8-BBDA-4406-85AE-532AC6BD0902}.Debug|x86.Build.0 = Debug|x86
		{DAF817B8-BBDA-4406-85AE-532AC6BD0902}.Release|Any CPU.ActiveCfg = Release|Any CPU
		{DAF817B8-BBDA-4406-85AE-532AC6BD0902}.Release|Any CPU.Build.0 = Release|Any CPU
		{DAF817B8-BBDA-4406-85AE-532AC6BD0902}.Release|ARM.ActiveCfg = Release|ARM
		{DAF817B8-BBDA-4406-85AE-532AC6BD0902}.Release|ARM.Build.0 = Release|ARM
		{DAF817B8-BBDA-4406-85AE-532AC6BD0902}.Release|x64.ActiveCfg = Release|x64
		{DAF817B8-BBDA-4406-85AE-532AC6BD0902}.Release|x64.Build.0 = Release|x64
		{DAF817B8-BBDA-4406-85AE-532AC6BD0902}.Release|x86.ActiveCfg = Release|x86
		{DAF817B8-BBDA-4406-85AE-532AC6BD0902}.Release|x86.Build.0 = Release|x86
		{38C4908C-3DD7-406F-8799-0124FB623489}.Debug|Any CPU.ActiveCfg = Debug|x86
		{38C4908C-3DD7-406F-8799-0124FB623489}.Debug|Any CPU.Build.0 = Debug|x86
		{38C4908C-3DD7-406F-8799-0124FB623489}.Debug|ARM.ActiveCfg = Debug|ARM
		{38C4908C-3DD7-406F-8799-0124FB623489}.Debug|ARM.Build.0 = Debug|ARM
		{38C4908C-3DD7-406F-8799-0124FB623489}.Debug|ARM.Deploy.0 = Debug|ARM
		{38C4908C-3DD7-406F-8799-0124FB623489}.Debug|x64.ActiveCfg = Debug|x64
		{38C4908C-3DD7-406F-8799-0124FB623489}.Debug|x64.Build.0 = Debug|x64
		{38C4908C-3DD7-406F-8799-0124FB623489}.Debug|x64.Deploy.0 = Debug|x64
		{38C4908C-3DD7-406F-8799-0124FB623489}.Debug|x86.ActiveCfg = Debug|x86
		{38C4908C-3DD7-406F-8799-0124FB623489}.Debug|x86.Build.0 = Debug|x86
		{38C4908C-3DD7-406F-8799-0124FB623489}.Debug|x86.Deploy.0 = Debug|x86
		{38C4908C-3DD7-406F-8799-0124FB623489}.Release|Any CPU.ActiveCfg = Release|x86
		{38C4908C-3DD7-406F-8799-0124FB623489}.Release|ARM.ActiveCfg = Release|ARM
		{38C4908C-3DD7-406F-8799-0124FB623489}.Release|ARM.Build.0 = Release|ARM
		{38C4908C-3DD7-406F-8799-0124FB623489}.Release|ARM.Deploy.0 = Release|ARM
		{38C4908C-3DD7-406F-8799-0124FB623489}.Release|x64.ActiveCfg = Release|x64
		{38C4908C-3DD7-406F-8799-0124FB623489}.Release|x64.Build.0 = Release|x64
		{38C4908C-3DD7-406F-8799-0124FB623489}.Release|x64.Deploy.0 = Release|x64
		{38C4908C-3DD7-406F-8799-0124FB623489}.Release|x86.ActiveCfg = Release|x86
		{38C4908C-3DD7-406F-8799-0124FB623489}.Release|x86.Build.0 = Release|x86
		{38C4908C-3DD7-406F-8799-0124FB623489}.Release|x86.Deploy.0 = Release|x86
		{93D93976-D137-45C7-98A2-2AB9D77128D0}.Debug|Any CPU.ActiveCfg = Debug|x86
		{93D93976-D137-45C7-98A2-2AB9D77128D0}.Debug|Any CPU.Build.0 = Debug|x86
		{93D93976-D137-45C7-98A2-2AB9D77128D0}.Debug|ARM.ActiveCfg = Debug|ARM
		{93D93976-D137-45C7-98A2-2AB9D77128D0}.Debug|ARM.Build.0 = Debug|ARM
		{93D93976-D137-45C7-98A2-2AB9D77128D0}.Debug|ARM.Deploy.0 = Debug|ARM
		{93D93976-D137-45C7-98A2-2AB9D77128D0}.Debug|x64.ActiveCfg = Debug|x64
		{93D93976-D137-45C7-98A2-2AB9D77128D0}.Debug|x64.Build.0 = Debug|x64
		{93D93976-D137-45C7-98A2-2AB9D77128D0}.Debug|x64.Deploy.0 = Debug|x64
		{93D93976-D137-45C7-98A2-2AB9D77128D0}.Debug|x86.ActiveCfg = Debug|x86
		{93D93976-D137-45C7-98A2-2AB9D77128D0}.Debug|x86.Build.0 = Debug|x86
		{93D93976-D137-45C7-98A2-2AB9D77128D0}.Debug|x86.Deploy.0 = Debug|x86
		{93D93976-D137-45C7-98A2-2AB9D77128D0}.Release|Any CPU.ActiveCfg = Release|x86
		{93D93976-D137-45C7-98A2-2AB9D77128D0}.Release|ARM.ActiveCfg = Release|ARM
		{93D93976-D137-45C7-98A2-2AB9D77128D0}.Release|ARM.Build.0 = Release|ARM
		{93D93976-D137-45C7-98A2-2AB9D77128D0}.Release|ARM.Deploy.0 = Release|ARM
		{93D93976-D137-45C7-98A2-2AB9D77128D0}.Release|x64.ActiveCfg = Release|x64
		{93D93976-D137-45C7-98A2-2AB9D77128D0}.Release|x64.Build.0 = Release|x64
		{93D93976-D137-45C7-98A2-2AB9D77128D0}.Release|x64.Deploy.0 = Release|x64
		{93D93976-D137-45C7-98A2-2AB9D77128D0}.Release|x86.ActiveCfg = Release|x86
		{93D93976-D137-45C7-98A2-2AB9D77128D0}.Release|x86.Build.0 = Release|x86
		{93D93976-D137-45C7-98A2-2AB9D77128D0}.Release|x86.Deploy.0 = Release|x86
		{A8A66ECD-8818-442B-89D5-A14B0AD9CD6B}.Debug|Any CPU.ActiveCfg = Debug|Any CPU
		{A8A66ECD-8818-442B-89D5-A14B0AD9CD6B}.Debug|Any CPU.Build.0 = Debug|Any CPU
		{A8A66ECD-8818-442B-89D5-A14B0AD9CD6B}.Debug|ARM.ActiveCfg = Debug|ARM
		{A8A66ECD-8818-442B-89D5-A14B0AD9CD6B}.Debug|ARM.Build.0 = Debug|ARM
		{A8A66ECD-8818-442B-89D5-A14B0AD9CD6B}.Debug|x64.ActiveCfg = Debug|x64
		{A8A66ECD-8818-442B-89D5-A14B0AD9CD6B}.Debug|x64.Build.0 = Debug|x64
		{A8A66ECD-8818-442B-89D5-A14B0AD9CD6B}.Debug|x86.ActiveCfg = Debug|x86
		{A8A66ECD-8818-442B-89D5-A14B0AD9CD6B}.Debug|x86.Build.0 = Debug|x86
		{A8A66ECD-8818-442B-89D5-A14B0AD9CD6B}.Release|Any CPU.ActiveCfg = Release|Any CPU
		{A8A66ECD-8818-442B-89D5-A14B0AD9CD6B}.Release|Any CPU.Build.0 = Release|Any CPU
		{A8A66ECD-8818-442B-89D5-A14B0AD9CD6B}.Release|ARM.ActiveCfg = Release|ARM
		{A8A66ECD-8818-442B-89D5-A14B0AD9CD6B}.Release|ARM.Build.0 = Release|ARM
		{A8A66ECD-8818-442B-89D5-A14B0AD9CD6B}.Release|x64.ActiveCfg = Release|x64
		{A8A66ECD-8818-442B-89D5-A14B0AD9CD6B}.Release|x64.Build.0 = Release|x64
		{A8A66ECD-8818-442B-89D5-A14B0AD9CD6B}.Release|x86.ActiveCfg = Release|x86
		{A8A66ECD-8818-442B-89D5-A14B0AD9CD6B}.Release|x86.Build.0 = Release|x86
		{B99DF993-EA35-4601-9E95-FCE002D87BE1}.Debug|Any CPU.ActiveCfg = Debug|x86
		{B99DF993-EA35-4601-9E95-FCE002D87BE1}.Debug|ARM.ActiveCfg = Debug|ARM
		{B99DF993-EA35-4601-9E95-FCE002D87BE1}.Debug|ARM.Build.0 = Debug|ARM
		{B99DF993-EA35-4601-9E95-FCE002D87BE1}.Debug|ARM.Deploy.0 = Debug|ARM
		{B99DF993-EA35-4601-9E95-FCE002D87BE1}.Debug|x64.ActiveCfg = Debug|x64
		{B99DF993-EA35-4601-9E95-FCE002D87BE1}.Debug|x64.Build.0 = Debug|x64
		{B99DF993-EA35-4601-9E95-FCE002D87BE1}.Debug|x64.Deploy.0 = Debug|x64
		{B99DF993-EA35-4601-9E95-FCE002D87BE1}.Debug|x86.ActiveCfg = Debug|x86
		{B99DF993-EA35-4601-9E95-FCE002D87BE1}.Debug|x86.Build.0 = Debug|x86
		{B99DF993-EA35-4601-9E95-FCE002D87BE1}.Debug|x86.Deploy.0 = Debug|x86
		{B99DF993-EA35-4601-9E95-FCE002D87BE1}.Release|Any CPU.ActiveCfg = Release|x86
		{B99DF993-EA35-4601-9E95-FCE002D87BE1}.Release|Any CPU.Build.0 = Release|x86
		{B99DF993-EA35-4601-9E95-FCE002D87BE1}.Release|Any CPU.Deploy.0 = Release|x86
		{B99DF993-EA35-4601-9E95-FCE002D87BE1}.Release|ARM.ActiveCfg = Release|ARM
		{B99DF993-EA35-4601-9E95-FCE002D87BE1}.Release|ARM.Build.0 = Release|ARM
		{B99DF993-EA35-4601-9E95-FCE002D87BE1}.Release|ARM.Deploy.0 = Release|ARM
		{B99DF993-EA35-4601-9E95-FCE002D87BE1}.Release|x64.ActiveCfg = Release|x64
		{B99DF993-EA35-4601-9E95-FCE002D87BE1}.Release|x64.Build.0 = Release|x64
		{B99DF993-EA35-4601-9E95-FCE002D87BE1}.Release|x64.Deploy.0 = Release|x64
		{B99DF993-EA35-4601-9E95-FCE002D87BE1}.Release|x86.ActiveCfg = Release|x86
		{B99DF993-EA35-4601-9E95-FCE002D87BE1}.Release|x86.Build.0 = Release|x86
		{B99DF993-EA35-4601-9E95-FCE002D87BE1}.Release|x86.Deploy.0 = Release|x86
	EndGlobalSection
	GlobalSection(SolutionProperties) = preSolution
		HideSolutionNode = FALSE
	EndGlobalSection
	GlobalSection(NestedProjects) = preSolution
		{3533CCCE-9589-4FF8-B1DE-817EC750C651} = {C3B5924E-CB6A-4A51-B4D0-53413D537E33}
		{38C4908C-3DD7-406F-8799-0124FB623489} = {C3B5924E-CB6A-4A51-B4D0-53413D537E33}
		{93D93976-D137-45C7-98A2-2AB9D77128D0} = {C3B5924E-CB6A-4A51-B4D0-53413D537E33}
	EndGlobalSection
EndGlobal
