
Microsoft Visual Studio Solution File, Format Version 12.00
# Visual Studio 14
VisualStudioVersion = 14.0.25420.1
MinimumVisualStudioVersion = 10.0.40219.1
Project("{FAE04EC0-301F-11D3-BF4B-00C04F79EFBC}") = "Simulation.Desktop", "Simulation.Desktop\Simulation.Desktop.csproj", "{36CC577D-E6BA-4239-9877-5A3BCDDABA02}"
EndProject
Project("{FAE04EC0-301F-11D3-BF4B-00C04F79EFBC}") = "NeuralNetworking", "NeuralNetworking.Portable\NeuralNetworking.csproj", "{60A1AE55-1C93-4B20-975E-28ED793386F4}"
EndProject
Project("{FAE04EC0-301F-11D3-BF4B-00C04F79EFBC}") = "Genetics", "Genetics.Portable\Genetics.csproj", "{619331F2-9FF7-443B-AE03-7D6B9F3E6BC3}"
EndProject
Project("{FAE04EC0-301F-11D3-BF4B-00C04F79EFBC}") = "GeneticNeuralNetworking", "GeneticNeuralNetworking.Portable\GeneticNeuralNetworking.csproj", "{8196247A-8546-4613-B20A-08A3B30A5780}"
EndProject
Project("{FAE04EC0-301F-11D3-BF4B-00C04F79EFBC}") = "Extensions", "Extensions.Portable\Extensions.csproj", "{A8C45682-84E3-46D7-91F1-F2EE7E99056B}"
EndProject
Global
	GlobalSection(SolutionConfigurationPlatforms) = preSolution
		Debug|Any CPU = Debug|Any CPU
		Debug|ARM = Debug|ARM
		Debug|x64 = Debug|x64
		Debug|x86 = Debug|x86
		Release|Any CPU = Release|Any CPU
		Release|ARM = Release|ARM
		Release|x64 = Release|x64
		Release|x86 = Release|x86
	EndGlobalSection
	GlobalSection(ProjectConfigurationPlatforms) = postSolution
		{36CC577D-E6BA-4239-9877-5A3BCDDABA02}.Debug|Any CPU.ActiveCfg = Debug|Any CPU
		{36CC577D-E6BA-4239-9877-5A3BCDDABA02}.Debug|Any CPU.Build.0 = Debug|Any CPU
		{36CC577D-E6BA-4239-9877-5A3BCDDABA02}.Debug|ARM.ActiveCfg = Debug|Any CPU
		{36CC577D-E6BA-4239-9877-5A3BCDDABA02}.Debug|ARM.Build.0 = Debug|Any CPU
		{36CC577D-E6BA-4239-9877-5A3BCDDABA02}.Debug|x64.ActiveCfg = Debug|Any CPU
		{36CC577D-E6BA-4239-9877-5A3BCDDABA02}.Debug|x64.Build.0 = Debug|Any CPU
		{36CC577D-E6BA-4239-9877-5A3BCDDABA02}.Debug|x86.ActiveCfg = Debug|Any CPU
		{36CC577D-E6BA-4239-9877-5A3BCDDABA02}.Debug|x86.Build.0 = Debug|Any CPU
		{36CC577D-E6BA-4239-9877-5A3BCDDABA02}.Release|Any CPU.ActiveCfg = Release|Any CPU
		{36CC577D-E6BA-4239-9877-5A3BCDDABA02}.Release|Any CPU.Build.0 = Release|Any CPU
		{36CC577D-E6BA-4239-9877-5A3BCDDABA02}.Release|ARM.ActiveCfg = Release|Any CPU
		{36CC577D-E6BA-4239-9877-5A3BCDDABA02}.Release|ARM.Build.0 = Release|Any CPU
		{36CC577D-E6BA-4239-9877-5A3BCDDABA02}.Release|x64.ActiveCfg = Release|Any CPU
		{36CC577D-E6BA-4239-9877-5A3BCDDABA02}.Release|x64.Build.0 = Release|Any CPU
		{36CC577D-E6BA-4239-9877-5A3BCDDABA02}.Release|x86.ActiveCfg = Release|Any CPU
		{36CC577D-E6BA-4239-9877-5A3BCDDABA02}.Release|x86.Build.0 = Release|Any CPU
		{60A1AE55-1C93-4B20-975E-28ED793386F4}.Debug|Any CPU.ActiveCfg = Debug|Any CPU
		{60A1AE55-1C93-4B20-975E-28ED793386F4}.Debug|Any CPU.Build.0 = Debug|Any CPU
		{60A1AE55-1C93-4B20-975E-28ED793386F4}.Debug|ARM.ActiveCfg = Debug|Any CPU
		{60A1AE55-1C93-4B20-975E-28ED793386F4}.Debug|ARM.Build.0 = Debug|Any CPU
		{60A1AE55-1C93-4B20-975E-28ED793386F4}.Debug|x64.ActiveCfg = Debug|Any CPU
		{60A1AE55-1C93-4B20-975E-28ED793386F4}.Debug|x64.Build.0 = Debug|Any CPU
		{60A1AE55-1C93-4B20-975E-28ED793386F4}.Debug|x86.ActiveCfg = Debug|Any CPU
		{60A1AE55-1C93-4B20-975E-28ED793386F4}.Debug|x86.Build.0 = Debug|Any CPU
		{60A1AE55-1C93-4B20-975E-28ED793386F4}.Release|Any CPU.ActiveCfg = Release|Any CPU
		{60A1AE55-1C93-4B20-975E-28ED793386F4}.Release|Any CPU.Build.0 = Release|Any CPU
		{60A1AE55-1C93-4B20-975E-28ED793386F4}.Release|ARM.ActiveCfg = Release|Any CPU
		{60A1AE55-1C93-4B20-975E-28ED793386F4}.Release|ARM.Build.0 = Release|Any CPU
		{60A1AE55-1C93-4B20-975E-28ED793386F4}.Release|x64.ActiveCfg = Release|Any CPU
		{60A1AE55-1C93-4B20-975E-28ED793386F4}.Release|x64.Build.0 = Release|Any CPU
		{60A1AE55-1C93-4B20-975E-28ED793386F4}.Release|x86.ActiveCfg = Release|Any CPU
		{60A1AE55-1C93-4B20-975E-28ED793386F4}.Release|x86.Build.0 = Release|Any CPU
		{619331F2-9FF7-443B-AE03-7D6B9F3E6BC3}.Debug|Any CPU.ActiveCfg = Debug|Any CPU
		{619331F2-9FF7-443B-AE03-7D6B9F3E6BC3}.Debug|Any CPU.Build.0 = Debug|Any CPU
		{619331F2-9FF7-443B-AE03-7D6B9F3E6BC3}.Debug|ARM.ActiveCfg = Debug|Any CPU
		{619331F2-9FF7-443B-AE03-7D6B9F3E6BC3}.Debug|ARM.Build.0 = Debug|Any CPU
		{619331F2-9FF7-443B-AE03-7D6B9F3E6BC3}.Debug|x64.ActiveCfg = Debug|Any CPU
		{619331F2-9FF7-443B-AE03-7D6B9F3E6BC3}.Debug|x64.Build.0 = Debug|Any CPU
		{619331F2-9FF7-443B-AE03-7D6B9F3E6BC3}.Debug|x86.ActiveCfg = Debug|Any CPU
		{619331F2-9FF7-443B-AE03-7D6B9F3E6BC3}.Debug|x86.Build.0 = Debug|Any CPU
		{619331F2-9FF7-443B-AE03-7D6B9F3E6BC3}.Release|Any CPU.ActiveCfg = Release|Any CPU
		{619331F2-9FF7-443B-AE03-7D6B9F3E6BC3}.Release|Any CPU.Build.0 = Release|Any CPU
		{619331F2-9FF7-443B-AE03-7D6B9F3E6BC3}.Release|ARM.ActiveCfg = Release|Any CPU
		{619331F2-9FF7-443B-AE03-7D6B9F3E6BC3}.Release|ARM.Build.0 = Release|Any CPU
		{619331F2-9FF7-443B-AE03-7D6B9F3E6BC3}.Release|x64.ActiveCfg = Release|Any CPU
		{619331F2-9FF7-443B-AE03-7D6B9F3E6BC3}.Release|x64.Build.0 = Release|Any CPU
		{619331F2-9FF7-443B-AE03-7D6B9F3E6BC3}.Release|x86.ActiveCfg = Release|Any CPU
		{619331F2-9FF7-443B-AE03-7D6B9F3E6BC3}.Release|x86.Build.0 = Release|Any CPU
		{8196247A-8546-4613-B20A-08A3B30A5780}.Debug|Any CPU.ActiveCfg = Debug|Any CPU
		{8196247A-8546-4613-B20A-08A3B30A5780}.Debug|Any CPU.Build.0 = Debug|Any CPU
		{8196247A-8546-4613-B20A-08A3B30A5780}.Debug|ARM.ActiveCfg = Debug|Any CPU
		{8196247A-8546-4613-B20A-08A3B30A5780}.Debug|ARM.Build.0 = Debug|Any CPU
		{8196247A-8546-4613-B20A-08A3B30A5780}.Debug|x64.ActiveCfg = Debug|Any CPU
		{8196247A-8546-4613-B20A-08A3B30A5780}.Debug|x64.Build.0 = Debug|Any CPU
		{8196247A-8546-4613-B20A-08A3B30A5780}.Debug|x86.ActiveCfg = Debug|Any CPU
		{8196247A-8546-4613-B20A-08A3B30A5780}.Debug|x86.Build.0 = Debug|Any CPU
		{8196247A-8546-4613-B20A-08A3B30A5780}.Release|Any CPU.ActiveCfg = Release|Any CPU
		{8196247A-8546-4613-B20A-08A3B30A5780}.Release|Any CPU.Build.0 = Release|Any CPU
		{8196247A-8546-4613-B20A-08A3B30A5780}.Release|ARM.ActiveCfg = Release|Any CPU
		{8196247A-8546-4613-B20A-08A3B30A5780}.Release|ARM.Build.0 = Release|Any CPU
		{8196247A-8546-4613-B20A-08A3B30A5780}.Release|x64.ActiveCfg = Release|Any CPU
		{8196247A-8546-4613-B20A-08A3B30A5780}.Release|x64.Build.0 = Release|Any CPU
		{8196247A-8546-4613-B20A-08A3B30A5780}.Release|x86.ActiveCfg = Release|Any CPU
		{8196247A-8546-4613-B20A-08A3B30A5780}.Release|x86.Build.0 = Release|Any CPU
		{A8C45682-84E3-46D7-91F1-F2EE7E99056B}.Debug|Any CPU.ActiveCfg = Debug|Any CPU
		{A8C45682-84E3-46D7-91F1-F2EE7E99056B}.Debug|Any CPU.Build.0 = Debug|Any CPU
		{A8C45682-84E3-46D7-91F1-F2EE7E99056B}.Debug|ARM.ActiveCfg = Debug|Any CPU
		{A8C45682-84E3-46D7-91F1-F2EE7E99056B}.Debug|ARM.Build.0 = Debug|Any CPU
		{A8C45682-84E3-46D7-91F1-F2EE7E99056B}.Debug|x64.ActiveCfg = Debug|Any CPU
		{A8C45682-84E3-46D7-91F1-F2EE7E99056B}.Debug|x64.Build.0 = Debug|Any CPU
		{A8C45682-84E3-46D7-91F1-F2EE7E99056B}.Debug|x86.ActiveCfg = Debug|Any CPU
		{A8C45682-84E3-46D7-91F1-F2EE7E99056B}.Debug|x86.Build.0 = Debug|Any CPU
		{A8C45682-84E3-46D7-91F1-F2EE7E99056B}.Release|Any CPU.ActiveCfg = Release|Any CPU
		{A8C45682-84E3-46D7-91F1-F2EE7E99056B}.Release|Any CPU.Build.0 = Release|Any CPU
		{A8C45682-84E3-46D7-91F1-F2EE7E99056B}.Release|ARM.ActiveCfg = Release|Any CPU
		{A8C45682-84E3-46D7-91F1-F2EE7E99056B}.Release|ARM.Build.0 = Release|Any CPU
		{A8C45682-84E3-46D7-91F1-F2EE7E99056B}.Release|x64.ActiveCfg = Release|Any CPU
		{A8C45682-84E3-46D7-91F1-F2EE7E99056B}.Release|x64.Build.0 = Release|Any CPU
		{A8C45682-84E3-46D7-91F1-F2EE7E99056B}.Release|x86.ActiveCfg = Release|Any CPU
		{A8C45682-84E3-46D7-91F1-F2EE7E99056B}.Release|x86.Build.0 = Release|Any CPU
	EndGlobalSection
	GlobalSection(SolutionProperties) = preSolution
		HideSolutionNode = FALSE
	EndGlobalSection
EndGlobal
